
Microsoft Visual Studio Solution File, Format Version 11.00
# Visual Studio 2010
Project("{FAE04EC0-301F-11D3-BF4B-00C04F79EFBC}") = "Gibbed.JustCause3.FileFormats", "Gibbed.JustCause3.FileFormats\Gibbed.JustCause3.FileFormats.csproj", "{159F8BBE-9207-423F-9A4B-85748BA09D84}"
EndProject
Project("{FAE04EC0-301F-11D3-BF4B-00C04F79EFBC}") = "NDesk.Options", "NDesk.Options\NDesk.Options.csproj", "{C98A6CD6-9422-4B35-8B7A-F520D75534D1}"
EndProject
Project("{FAE04EC0-301F-11D3-BF4B-00C04F79EFBC}") = "Gibbed.ProjectData", "Gibbed.ProjectData\Gibbed.ProjectData.csproj", "{F27A289E-3376-4653-89F3-D19C1ECABF33}"
EndProject
Project("{FAE04EC0-301F-11D3-BF4B-00C04F79EFBC}") = "Gibbed.IO", "Gibbed.IO\Gibbed.IO.csproj", "{047857BA-DAA3-4CA7-AFB8-A1B082B28C6A}"
EndProject
Project("{FAE04EC0-301F-11D3-BF4B-00C04F79EFBC}") = "Gibbed.JustCause3.Unpack", "Gibbed.JustCause3.Unpack\Gibbed.JustCause3.Unpack.csproj", "{6D721C39-CBE3-40B7-8D93-35E13DC2318D}"
EndProject
Project("{FAE04EC0-301F-11D3-BF4B-00C04F79EFBC}") = "RebuildFileLists", "RebuildFileLists\RebuildFileLists.csproj", "{1F5BF5D5-035B-4DBD-8678-B318491DD3D6}"
EndProject
Project("{2150E333-8FDC-42A3-9474-1A3956D46DE8}") = "Misc", "Misc", "{03FF2DC3-7B36-4F90-AF28-3E0266A42BF5}"
EndProject
Project("{FAE04EC0-301F-11D3-BF4B-00C04F79EFBC}") = "Gibbed.JustCause3.PropertyFormats", "Gibbed.JustCause3.PropertyFormats\Gibbed.JustCause3.PropertyFormats.csproj", "{60B0FBA2-0906-40CD-A0CA-315AC71560BF}"
EndProject
Project("{FAE04EC0-301F-11D3-BF4B-00C04F79EFBC}") = "Gibbed.JustCause3.ConvertProperty", "Gibbed.JustCause3.ConvertProperty\Gibbed.JustCause3.ConvertProperty.csproj", "{149BB3DB-C1E4-4238-8F03-554B5E5F3673}"
EndProject
Project("{FAE04EC0-301F-11D3-BF4B-00C04F79EFBC}") = "Gibbed.JustCause3.SmallUnpack", "Gibbed.JustCause3.SmallUnpack\Gibbed.JustCause3.SmallUnpack.csproj", "{23578ED4-A4F0-4CEA-980B-E446AE73632D}"
EndProject
Project("{FAE04EC0-301F-11D3-BF4B-00C04F79EFBC}") = "Gibbed.JustCause3.ConvertAdf", "Gibbed.JustCause3.ConvertAdf\Gibbed.JustCause3.ConvertAdf.csproj", "{759673C0-6274-4F89-A243-3C7154E7FD2E}"
EndProject
Project("{2150E333-8FDC-42A3-9474-1A3956D46DE8}") = "Game", "Game", "{A12DA55C-2B9D-4899-A6A1-C039AC86FE1C}"
EndProject
Project("{2150E333-8FDC-42A3-9474-1A3956D46DE8}") = "Archives", "Archives", "{DF538025-8695-438B-9FB4-DC7BEDE3583A}"
EndProject
Project("{2150E333-8FDC-42A3-9474-1A3956D46DE8}") = "Converters", "Converters", "{7C6246FC-C5A0-4639-A1A9-BD8B351C96DC}"
EndProject
Project("{2150E333-8FDC-42A3-9474-1A3956D46DE8}") = "Misc", "Misc", "{1547643A-B9B9-4B14-98AC-764F4AC63DAD}"
EndProject
Project("{FAE04EC0-301F-11D3-BF4B-00C04F79EFBC}") = "Gibbed.JustCause3.SmallPack", "Gibbed.JustCause3.SmallPack\Gibbed.JustCause3.SmallPack.csproj", "{7FEEB0A4-0F6C-409B-9A46-2859C5F2F99C}"
EndProject
Project("{FAE04EC0-301F-11D3-BF4B-00C04F79EFBC}") = "Gibbed.JustCause3.Uncompress", "Gibbed.JustCause3.Uncompress\Gibbed.JustCause3.Uncompress.csproj", "{EA2BEF10-ED66-4203-BD3E-BF282F0A2486}"
EndProject
Project("{FAE04EC0-301F-11D3-BF4B-00C04F79EFBC}") = "Gibbed.JustCause3.ConvertItem", "Gibbed.JustCause3.ConvertItem\Gibbed.JustCause3.ConvertItem.csproj", "{19E8F265-A893-4FD0-8A22-B07F457E257C}"
EndProject
Project("{FAE04EC0-301F-11D3-BF4B-00C04F79EFBC}") = "Gibbed.JustCause3.ConvertTask", "Gibbed.JustCause3.ConvertTask\Gibbed.JustCause3.ConvertTask.csproj", "{024D84ED-AE3A-4AA0-8635-F2767CF35BBB}"
EndProject
Project("{2150E333-8FDC-42A3-9474-1A3956D46DE8}") = "ADF", "ADF", "{C39C15D0-18C6-4046-9FFA-4FEE4A59B773}"
EndProject
Project("{FAE04EC0-301F-11D3-BF4B-00C04F79EFBC}") = "Gibbed.JustCause3.ConvertUpgrade", "Gibbed.JustCause3.ConvertUpgrade\Gibbed.JustCause3.ConvertUpgrade.csproj", "{A823A691-20F4-4494-BF97-67E0ADF28033}"
EndProject
Project("{FAE04EC0-301F-11D3-BF4B-00C04F79EFBC}") = "Gibbed.JustCause3.ConvertTexture", "Gibbed.JustCause3.ConvertTexture\Gibbed.JustCause3.ConvertTexture.csproj", "{7CD1E972-CB2E-4851-A476-F793F590185D}"
EndProject
Project("{FAE04EC0-301F-11D3-BF4B-00C04F79EFBC}") = "Gibbed.Squish", "Gibbed.Squish\Gibbed.Squish.csproj", "{242D0738-AA4C-4C9C-A218-891A8F55559C}"
EndProject
Global
	GlobalSection(SolutionConfigurationPlatforms) = preSolution
		Debug|Any CPU = Debug|Any CPU
		Debug|Mixed Platforms = Debug|Mixed Platforms
		Debug|x86 = Debug|x86
		Release|Any CPU = Release|Any CPU
		Release|Mixed Platforms = Release|Mixed Platforms
		Release|x86 = Release|x86
	EndGlobalSection
	GlobalSection(ProjectConfigurationPlatforms) = postSolution
		{159F8BBE-9207-423F-9A4B-85748BA09D84}.Debug|Any CPU.ActiveCfg = Debug|Any CPU
		{159F8BBE-9207-423F-9A4B-85748BA09D84}.Debug|Any CPU.Build.0 = Debug|Any CPU
		{159F8BBE-9207-423F-9A4B-85748BA09D84}.Debug|Mixed Platforms.ActiveCfg = Debug|Any CPU
		{159F8BBE-9207-423F-9A4B-85748BA09D84}.Debug|Mixed Platforms.Build.0 = Debug|Any CPU
		{159F8BBE-9207-423F-9A4B-85748BA09D84}.Debug|x86.ActiveCfg = Debug|Any CPU
		{159F8BBE-9207-423F-9A4B-85748BA09D84}.Release|Any CPU.ActiveCfg = Release|Any CPU
		{159F8BBE-9207-423F-9A4B-85748BA09D84}.Release|Any CPU.Build.0 = Release|Any CPU
		{159F8BBE-9207-423F-9A4B-85748BA09D84}.Release|Mixed Platforms.ActiveCfg = Release|Any CPU
		{159F8BBE-9207-423F-9A4B-85748BA09D84}.Release|Mixed Platforms.Build.0 = Release|Any CPU
		{159F8BBE-9207-423F-9A4B-85748BA09D84}.Release|x86.ActiveCfg = Release|Any CPU
		{C98A6CD6-9422-4B35-8B7A-F520D75534D1}.Debug|Any CPU.ActiveCfg = Debug|Any CPU
		{C98A6CD6-9422-4B35-8B7A-F520D75534D1}.Debug|Any CPU.Build.0 = Debug|Any CPU
		{C98A6CD6-9422-4B35-8B7A-F520D75534D1}.Debug|Mixed Platforms.ActiveCfg = Debug|Any CPU
		{C98A6CD6-9422-4B35-8B7A-F520D75534D1}.Debug|Mixed Platforms.Build.0 = Debug|Any CPU
		{C98A6CD6-9422-4B35-8B7A-F520D75534D1}.Debug|x86.ActiveCfg = Debug|Any CPU
		{C98A6CD6-9422-4B35-8B7A-F520D75534D1}.Release|Any CPU.ActiveCfg = Release|Any CPU
		{C98A6CD6-9422-4B35-8B7A-F520D75534D1}.Release|Any CPU.Build.0 = Release|Any CPU
		{C98A6CD6-9422-4B35-8B7A-F520D75534D1}.Release|Mixed Platforms.ActiveCfg = Release|Any CPU
		{C98A6CD6-9422-4B35-8B7A-F520D75534D1}.Release|Mixed Platforms.Build.0 = Release|Any CPU
		{C98A6CD6-9422-4B35-8B7A-F520D75534D1}.Release|x86.ActiveCfg = Release|Any CPU
		{F27A289E-3376-4653-89F3-D19C1ECABF33}.Debug|Any CPU.ActiveCfg = Debug|Any CPU
		{F27A289E-3376-4653-89F3-D19C1ECABF33}.Debug|Any CPU.Build.0 = Debug|Any CPU
		{F27A289E-3376-4653-89F3-D19C1ECABF33}.Debug|Mixed Platforms.ActiveCfg = Debug|Any CPU
		{F27A289E-3376-4653-89F3-D19C1ECABF33}.Debug|Mixed Platforms.Build.0 = Debug|Any CPU
		{F27A289E-3376-4653-89F3-D19C1ECABF33}.Debug|x86.ActiveCfg = Debug|Any CPU
		{F27A289E-3376-4653-89F3-D19C1ECABF33}.Release|Any CPU.ActiveCfg = Release|Any CPU
		{F27A289E-3376-4653-89F3-D19C1ECABF33}.Release|Any CPU.Build.0 = Release|Any CPU
		{F27A289E-3376-4653-89F3-D19C1ECABF33}.Release|Mixed Platforms.ActiveCfg = Release|Any CPU
		{F27A289E-3376-4653-89F3-D19C1ECABF33}.Release|Mixed Platforms.Build.0 = Release|Any CPU
		{F27A289E-3376-4653-89F3-D19C1ECABF33}.Release|x86.ActiveCfg = Release|Any CPU
		{047857BA-DAA3-4CA7-AFB8-A1B082B28C6A}.Debug|Any CPU.ActiveCfg = Debug|Any CPU
		{047857BA-DAA3-4CA7-AFB8-A1B082B28C6A}.Debug|Any CPU.Build.0 = Debug|Any CPU
		{047857BA-DAA3-4CA7-AFB8-A1B082B28C6A}.Debug|Mixed Platforms.ActiveCfg = Debug|Any CPU
		{047857BA-DAA3-4CA7-AFB8-A1B082B28C6A}.Debug|Mixed Platforms.Build.0 = Debug|Any CPU
		{047857BA-DAA3-4CA7-AFB8-A1B082B28C6A}.Debug|x86.ActiveCfg = Debug|Any CPU
		{047857BA-DAA3-4CA7-AFB8-A1B082B28C6A}.Release|Any CPU.ActiveCfg = Release|Any CPU
		{047857BA-DAA3-4CA7-AFB8-A1B082B28C6A}.Release|Any CPU.Build.0 = Release|Any CPU
		{047857BA-DAA3-4CA7-AFB8-A1B082B28C6A}.Release|Mixed Platforms.ActiveCfg = Release|Any CPU
		{047857BA-DAA3-4CA7-AFB8-A1B082B28C6A}.Release|Mixed Platforms.Build.0 = Release|Any CPU
		{047857BA-DAA3-4CA7-AFB8-A1B082B28C6A}.Release|x86.ActiveCfg = Release|Any CPU
		{6D721C39-CBE3-40B7-8D93-35E13DC2318D}.Debug|Any CPU.ActiveCfg = Debug|x86
		{6D721C39-CBE3-40B7-8D93-35E13DC2318D}.Debug|Mixed Platforms.ActiveCfg = Debug|x86
		{6D721C39-CBE3-40B7-8D93-35E13DC2318D}.Debug|Mixed Platforms.Build.0 = Debug|x86
		{6D721C39-CBE3-40B7-8D93-35E13DC2318D}.Debug|x86.ActiveCfg = Debug|x86
		{6D721C39-CBE3-40B7-8D93-35E13DC2318D}.Debug|x86.Build.0 = Debug|x86
		{6D721C39-CBE3-40B7-8D93-35E13DC2318D}.Release|Any CPU.ActiveCfg = Release|x86
		{6D721C39-CBE3-40B7-8D93-35E13DC2318D}.Release|Mixed Platforms.ActiveCfg = Release|x86
		{6D721C39-CBE3-40B7-8D93-35E13DC2318D}.Release|Mixed Platforms.Build.0 = Release|x86
		{6D721C39-CBE3-40B7-8D93-35E13DC2318D}.Release|x86.ActiveCfg = Release|x86
		{6D721C39-CBE3-40B7-8D93-35E13DC2318D}.Release|x86.Build.0 = Release|x86
		{1F5BF5D5-035B-4DBD-8678-B318491DD3D6}.Debug|Any CPU.ActiveCfg = Debug|x86
		{1F5BF5D5-035B-4DBD-8678-B318491DD3D6}.Debug|Mixed Platforms.ActiveCfg = Debug|x86
		{1F5BF5D5-035B-4DBD-8678-B318491DD3D6}.Debug|Mixed Platforms.Build.0 = Debug|x86
		{1F5BF5D5-035B-4DBD-8678-B318491DD3D6}.Debug|x86.ActiveCfg = Debug|x86
		{1F5BF5D5-035B-4DBD-8678-B318491DD3D6}.Debug|x86.Build.0 = Debug|x86
		{1F5BF5D5-035B-4DBD-8678-B318491DD3D6}.Release|Any CPU.ActiveCfg = Release|x86
		{1F5BF5D5-035B-4DBD-8678-B318491DD3D6}.Release|Mixed Platforms.ActiveCfg = Release|x86
		{1F5BF5D5-035B-4DBD-8678-B318491DD3D6}.Release|Mixed Platforms.Build.0 = Release|x86
		{1F5BF5D5-035B-4DBD-8678-B318491DD3D6}.Release|x86.ActiveCfg = Release|x86
		{1F5BF5D5-035B-4DBD-8678-B318491DD3D6}.Release|x86.Build.0 = Release|x86
		{60B0FBA2-0906-40CD-A0CA-315AC71560BF}.Debug|Any CPU.ActiveCfg = Debug|Any CPU
		{60B0FBA2-0906-40CD-A0CA-315AC71560BF}.Debug|Any CPU.Build.0 = Debug|Any CPU
		{60B0FBA2-0906-40CD-A0CA-315AC71560BF}.Debug|Mixed Platforms.ActiveCfg = Debug|Any CPU
		{60B0FBA2-0906-40CD-A0CA-315AC71560BF}.Debug|Mixed Platforms.Build.0 = Debug|Any CPU
		{60B0FBA2-0906-40CD-A0CA-315AC71560BF}.Debug|x86.ActiveCfg = Debug|Any CPU
		{60B0FBA2-0906-40CD-A0CA-315AC71560BF}.Release|Any CPU.ActiveCfg = Release|Any CPU
		{60B0FBA2-0906-40CD-A0CA-315AC71560BF}.Release|Any CPU.Build.0 = Release|Any CPU
		{60B0FBA2-0906-40CD-A0CA-315AC71560BF}.Release|Mixed Platforms.ActiveCfg = Release|Any CPU
		{60B0FBA2-0906-40CD-A0CA-315AC71560BF}.Release|Mixed Platforms.Build.0 = Release|Any CPU
		{60B0FBA2-0906-40CD-A0CA-315AC71560BF}.Release|x86.ActiveCfg = Release|Any CPU
		{149BB3DB-C1E4-4238-8F03-554B5E5F3673}.Debug|Any CPU.ActiveCfg = Debug|x86
		{149BB3DB-C1E4-4238-8F03-554B5E5F3673}.Debug|Mixed Platforms.ActiveCfg = Debug|x86
		{149BB3DB-C1E4-4238-8F03-554B5E5F3673}.Debug|Mixed Platforms.Build.0 = Debug|x86
		{149BB3DB-C1E4-4238-8F03-554B5E5F3673}.Debug|x86.ActiveCfg = Debug|x86
		{149BB3DB-C1E4-4238-8F03-554B5E5F3673}.Debug|x86.Build.0 = Debug|x86
		{149BB3DB-C1E4-4238-8F03-554B5E5F3673}.Release|Any CPU.ActiveCfg = Release|x86
		{149BB3DB-C1E4-4238-8F03-554B5E5F3673}.Release|Mixed Platforms.ActiveCfg = Release|x86
		{149BB3DB-C1E4-4238-8F03-554B5E5F3673}.Release|Mixed Platforms.Build.0 = Release|x86
		{149BB3DB-C1E4-4238-8F03-554B5E5F3673}.Release|x86.ActiveCfg = Release|x86
		{149BB3DB-C1E4-4238-8F03-554B5E5F3673}.Release|x86.Build.0 = Release|x86
		{23578ED4-A4F0-4CEA-980B-E446AE73632D}.Debug|Any CPU.ActiveCfg = Debug|x86
		{23578ED4-A4F0-4CEA-980B-E446AE73632D}.Debug|Mixed Platforms.ActiveCfg = Debug|x86
		{23578ED4-A4F0-4CEA-980B-E446AE73632D}.Debug|Mixed Platforms.Build.0 = Debug|x86
		{23578ED4-A4F0-4CEA-980B-E446AE73632D}.Debug|x86.ActiveCfg = Debug|x86
		{23578ED4-A4F0-4CEA-980B-E446AE73632D}.Debug|x86.Build.0 = Debug|x86
		{23578ED4-A4F0-4CEA-980B-E446AE73632D}.Release|Any CPU.ActiveCfg = Release|x86
		{23578ED4-A4F0-4CEA-980B-E446AE73632D}.Release|Mixed Platforms.ActiveCfg = Release|x86
		{23578ED4-A4F0-4CEA-980B-E446AE73632D}.Release|Mixed Platforms.Build.0 = Release|x86
		{23578ED4-A4F0-4CEA-980B-E446AE73632D}.Release|x86.ActiveCfg = Release|x86
		{23578ED4-A4F0-4CEA-980B-E446AE73632D}.Release|x86.Build.0 = Release|x86
		{759673C0-6274-4F89-A243-3C7154E7FD2E}.Debug|Any CPU.ActiveCfg = Debug|x86
		{759673C0-6274-4F89-A243-3C7154E7FD2E}.Debug|Mixed Platforms.ActiveCfg = Debug|x86
		{759673C0-6274-4F89-A243-3C7154E7FD2E}.Debug|Mixed Platforms.Build.0 = Debug|x86
		{759673C0-6274-4F89-A243-3C7154E7FD2E}.Debug|x86.ActiveCfg = Debug|x86
		{759673C0-6274-4F89-A243-3C7154E7FD2E}.Debug|x86.Build.0 = Debug|x86
		{759673C0-6274-4F89-A243-3C7154E7FD2E}.Release|Any CPU.ActiveCfg = Release|x86
		{759673C0-6274-4F89-A243-3C7154E7FD2E}.Release|Mixed Platforms.ActiveCfg = Release|x86
		{759673C0-6274-4F89-A243-3C7154E7FD2E}.Release|Mixed Platforms.Build.0 = Release|x86
		{759673C0-6274-4F89-A243-3C7154E7FD2E}.Release|x86.ActiveCfg = Release|x86
		{759673C0-6274-4F89-A243-3C7154E7FD2E}.Release|x86.Build.0 = Release|x86
		{7FEEB0A4-0F6C-409B-9A46-2859C5F2F99C}.Debug|Any CPU.ActiveCfg = Debug|x86
		{7FEEB0A4-0F6C-409B-9A46-2859C5F2F99C}.Debug|Mixed Platforms.ActiveCfg = Debug|x86
		{7FEEB0A4-0F6C-409B-9A46-2859C5F2F99C}.Debug|Mixed Platforms.Build.0 = Debug|x86
		{7FEEB0A4-0F6C-409B-9A46-2859C5F2F99C}.Debug|x86.ActiveCfg = Debug|x86
		{7FEEB0A4-0F6C-409B-9A46-2859C5F2F99C}.Debug|x86.Build.0 = Debug|x86
		{7FEEB0A4-0F6C-409B-9A46-2859C5F2F99C}.Release|Any CPU.ActiveCfg = Release|x86
		{7FEEB0A4-0F6C-409B-9A46-2859C5F2F99C}.Release|Mixed Platforms.ActiveCfg = Release|x86
		{7FEEB0A4-0F6C-409B-9A46-2859C5F2F99C}.Release|Mixed Platforms.Build.0 = Release|x86
		{7FEEB0A4-0F6C-409B-9A46-2859C5F2F99C}.Release|x86.ActiveCfg = Release|x86
		{7FEEB0A4-0F6C-409B-9A46-2859C5F2F99C}.Release|x86.Build.0 = Release|x86
		{EA2BEF10-ED66-4203-BD3E-BF282F0A2486}.Debug|Any CPU.ActiveCfg = Debug|x86
		{EA2BEF10-ED66-4203-BD3E-BF282F0A2486}.Debug|Mixed Platforms.ActiveCfg = Debug|x86
		{EA2BEF10-ED66-4203-BD3E-BF282F0A2486}.Debug|Mixed Platforms.Build.0 = Debug|x86
		{EA2BEF10-ED66-4203-BD3E-BF282F0A2486}.Debug|x86.ActiveCfg = Debug|x86
		{EA2BEF10-ED66-4203-BD3E-BF282F0A2486}.Debug|x86.Build.0 = Debug|x86
		{EA2BEF10-ED66-4203-BD3E-BF282F0A2486}.Release|Any CPU.ActiveCfg = Release|x86
		{EA2BEF10-ED66-4203-BD3E-BF282F0A2486}.Release|Mixed Platforms.ActiveCfg = Release|x86
		{EA2BEF10-ED66-4203-BD3E-BF282F0A2486}.Release|Mixed Platforms.Build.0 = Release|x86
		{EA2BEF10-ED66-4203-BD3E-BF282F0A2486}.Release|x86.ActiveCfg = Release|x86
		{EA2BEF10-ED66-4203-BD3E-BF282F0A2486}.Release|x86.Build.0 = Release|x86
		{19E8F265-A893-4FD0-8A22-B07F457E257C}.Debug|Any CPU.ActiveCfg = Debug|x86
		{19E8F265-A893-4FD0-8A22-B07F457E257C}.Debug|Mixed Platforms.ActiveCfg = Debug|x86
		{19E8F265-A893-4FD0-8A22-B07F457E257C}.Debug|Mixed Platforms.Build.0 = Debug|x86
		{19E8F265-A893-4FD0-8A22-B07F457E257C}.Debug|x86.ActiveCfg = Debug|x86
		{19E8F265-A893-4FD0-8A22-B07F457E257C}.Debug|x86.Build.0 = Debug|x86
		{19E8F265-A893-4FD0-8A22-B07F457E257C}.Release|Any CPU.ActiveCfg = Release|x86
		{19E8F265-A893-4FD0-8A22-B07F457E257C}.Release|Mixed Platforms.ActiveCfg = Release|x86
		{19E8F265-A893-4FD0-8A22-B07F457E257C}.Release|Mixed Platforms.Build.0 = Release|x86
		{19E8F265-A893-4FD0-8A22-B07F457E257C}.Release|x86.ActiveCfg = Release|x86
		{19E8F265-A893-4FD0-8A22-B07F457E257C}.Release|x86.Build.0 = Release|x86
		{024D84ED-AE3A-4AA0-8635-F2767CF35BBB}.Debug|Any CPU.ActiveCfg = Debug|x86
		{024D84ED-AE3A-4AA0-8635-F2767CF35BBB}.Debug|Mixed Platforms.ActiveCfg = Debug|x86
		{024D84ED-AE3A-4AA0-8635-F2767CF35BBB}.Debug|Mixed Platforms.Build.0 = Debug|x86
		{024D84ED-AE3A-4AA0-8635-F2767CF35BBB}.Debug|x86.ActiveCfg = Debug|x86
		{024D84ED-AE3A-4AA0-8635-F2767CF35BBB}.Debug|x86.Build.0 = Debug|x86
		{024D84ED-AE3A-4AA0-8635-F2767CF35BBB}.Release|Any CPU.ActiveCfg = Release|x86
		{024D84ED-AE3A-4AA0-8635-F2767CF35BBB}.Release|Mixed Platforms.ActiveCfg = Release|x86
		{024D84ED-AE3A-4AA0-8635-F2767CF35BBB}.Release|Mixed Platforms.Build.0 = Release|x86
		{024D84ED-AE3A-4AA0-8635-F2767CF35BBB}.Release|x86.ActiveCfg = Release|x86
		{024D84ED-AE3A-4AA0-8635-F2767CF35BBB}.Release|x86.Build.0 = Release|x86
		{A823A691-20F4-4494-BF97-67E0ADF28033}.Debug|Any CPU.ActiveCfg = Debug|x86
		{A823A691-20F4-4494-BF97-67E0ADF28033}.Debug|Mixed Platforms.ActiveCfg = Debug|x86
		{A823A691-20F4-4494-BF97-67E0ADF28033}.Debug|Mixed Platforms.Build.0 = Debug|x86
		{A823A691-20F4-4494-BF97-67E0ADF28033}.Debug|x86.ActiveCfg = Debug|x86
		{A823A691-20F4-4494-BF97-67E0ADF28033}.Debug|x86.Build.0 = Debug|x86
		{A823A691-20F4-4494-BF97-67E0ADF28033}.Release|Any CPU.ActiveCfg = Release|x86
		{A823A691-20F4-4494-BF97-67E0ADF28033}.Release|Mixed Platforms.ActiveCfg = Release|x86
		{A823A691-20F4-4494-BF97-67E0ADF28033}.Release|Mixed Platforms.Build.0 = Release|x86
		{A823A691-20F4-4494-BF97-67E0ADF28033}.Release|x86.ActiveCfg = Release|x86
		{A823A691-20F4-4494-BF97-67E0ADF28033}.Release|x86.Build.0 = Release|x86
		{7CD1E972-CB2E-4851-A476-F793F590185D}.Debug|Any CPU.ActiveCfg = Debug|x86
		{7CD1E972-CB2E-4851-A476-F793F590185D}.Debug|Mixed Platforms.ActiveCfg = Debug|x86
		{7CD1E972-CB2E-4851-A476-F793F590185D}.Debug|Mixed Platforms.Build.0 = Debug|x86
		{7CD1E972-CB2E-4851-A476-F793F590185D}.Debug|x86.ActiveCfg = Debug|x86
		{7CD1E972-CB2E-4851-A476-F793F590185D}.Debug|x86.Build.0 = Debug|x86
		{7CD1E972-CB2E-4851-A476-F793F590185D}.Release|Any CPU.ActiveCfg = Release|x86
		{7CD1E972-CB2E-4851-A476-F793F590185D}.Release|Mixed Platforms.ActiveCfg = Release|x86
		{7CD1E972-CB2E-4851-A476-F793F590185D}.Release|Mixed Platforms.Build.0 = Release|x86
		{7CD1E972-CB2E-4851-A476-F793F590185D}.Release|x86.ActiveCfg = Release|x86
		{7CD1E972-CB2E-4851-A476-F793F590185D}.Release|x86.Build.0 = Release|x86
		{242D0738-AA4C-4C9C-A218-891A8F55559C}.Debug|Any CPU.ActiveCfg = Debug|Any CPU
		{242D0738-AA4C-4C9C-A218-891A8F55559C}.Debug|Any CPU.Build.0 = Debug|Any CPU
		{242D0738-AA4C-4C9C-A218-891A8F55559C}.Debug|Mixed Platforms.ActiveCfg = Debug|Any CPU
		{242D0738-AA4C-4C9C-A218-891A8F55559C}.Debug|Mixed Platforms.Build.0 = Debug|Any CPU
		{242D0738-AA4C-4C9C-A218-891A8F55559C}.Debug|x86.ActiveCfg = Debug|Any CPU
		{242D0738-AA4C-4C9C-A218-891A8F55559C}.Release|Any CPU.ActiveCfg = Release|Any CPU
		{242D0738-AA4C-4C9C-A218-891A8F55559C}.Release|Any CPU.Build.0 = Release|Any CPU
		{242D0738-AA4C-4C9C-A218-891A8F55559C}.Release|Mixed Platforms.ActiveCfg = Release|Any CPU
		{242D0738-AA4C-4C9C-A218-891A8F55559C}.Release|Mixed Platforms.Build.0 = Release|Any CPU
		{242D0738-AA4C-4C9C-A218-891A8F55559C}.Release|x86.ActiveCfg = Release|Any CPU
	EndGlobalSection
	GlobalSection(SolutionProperties) = preSolution
		HideSolutionNode = FALSE
	EndGlobalSection
	GlobalSection(NestedProjects) = preSolution
		{DF538025-8695-438B-9FB4-DC7BEDE3583A} = {A12DA55C-2B9D-4899-A6A1-C039AC86FE1C}
		{1547643A-B9B9-4B14-98AC-764F4AC63DAD} = {A12DA55C-2B9D-4899-A6A1-C039AC86FE1C}
		{60B0FBA2-0906-40CD-A0CA-315AC71560BF} = {A12DA55C-2B9D-4899-A6A1-C039AC86FE1C}
		{7C6246FC-C5A0-4639-A1A9-BD8B351C96DC} = {A12DA55C-2B9D-4899-A6A1-C039AC86FE1C}
		{159F8BBE-9207-423F-9A4B-85748BA09D84} = {A12DA55C-2B9D-4899-A6A1-C039AC86FE1C}
		{F27A289E-3376-4653-89F3-D19C1ECABF33} = {03FF2DC3-7B36-4F90-AF28-3E0266A42BF5}
		{047857BA-DAA3-4CA7-AFB8-A1B082B28C6A} = {03FF2DC3-7B36-4F90-AF28-3E0266A42BF5}
		{C98A6CD6-9422-4B35-8B7A-F520D75534D1} = {03FF2DC3-7B36-4F90-AF28-3E0266A42BF5}
		{23578ED4-A4F0-4CEA-980B-E446AE73632D} = {DF538025-8695-438B-9FB4-DC7BEDE3583A}
		{6D721C39-CBE3-40B7-8D93-35E13DC2318D} = {DF538025-8695-438B-9FB4-DC7BEDE3583A}
		{7FEEB0A4-0F6C-409B-9A46-2859C5F2F99C} = {DF538025-8695-438B-9FB4-DC7BEDE3583A}
		{EA2BEF10-ED66-4203-BD3E-BF282F0A2486} = {DF538025-8695-438B-9FB4-DC7BEDE3583A}
		{1F5BF5D5-035B-4DBD-8678-B318491DD3D6} = {1547643A-B9B9-4B14-98AC-764F4AC63DAD}
		{242D0738-AA4C-4C9C-A218-891A8F55559C} = {1547643A-B9B9-4B14-98AC-764F4AC63DAD}
		{759673C0-6274-4F89-A243-3C7154E7FD2E} = {7C6246FC-C5A0-4639-A1A9-BD8B351C96DC}
		{149BB3DB-C1E4-4238-8F03-554B5E5F3673} = {7C6246FC-C5A0-4639-A1A9-BD8B351C96DC}
		{C39C15D0-18C6-4046-9FFA-4FEE4A59B773} = {7C6246FC-C5A0-4639-A1A9-BD8B351C96DC}
		{7CD1E972-CB2E-4851-A476-F793F590185D} = {7C6246FC-C5A0-4639-A1A9-BD8B351C96DC}
		{024D84ED-AE3A-4AA0-8635-F2767CF35BBB} = {C39C15D0-18C6-4046-9FFA-4FEE4A59B773}
		{19E8F265-A893-4FD0-8A22-B07F457E257C} = {C39C15D0-18C6-4046-9FFA-4FEE4A59B773}
		{A823A691-20F4-4494-BF97-67E0ADF28033} = {C39C15D0-18C6-4046-9FFA-4FEE4A59B773}
	EndGlobalSection
EndGlobal
